
Microsoft Visual Studio Solution File, Format Version 12.00
Project("{FAE04EC0-301F-11D3-BF4B-00C04F79EFBC}") = "Atamai.Slice.Sample", "Atamai.Slice.Sample\Atamai.Slice.Sample.csproj", "{D2DADADA-8F54-44FF-9EFF-61B3CD8F29B0}"
EndProject
Project("{FAE04EC0-301F-11D3-BF4B-00C04F79EFBC}") = "Atamai.Slice.Generator", "Atamai.Slice.Generator\Atamai.Slice.Generator.csproj", "{DD11717D-9B5C-4254-9CF4-3E7E33552643}"
EndProject
Project("{FAE04EC0-301F-11D3-BF4B-00C04F79EFBC}") = "Atamai.Slice", "Atamai.Slice\Atamai.Slice.csproj", "{0CB6CAC8-D8D5-41BF-94A6-849B8ADA3456}"
EndProject
Project("{2150E333-8FDC-42A3-9474-1A3956D46DE8}") = "Misc", "Misc", "{8C5DE50F-3C3C-4905-8810-6CF3467D3C39}"
	ProjectSection(SolutionItems) = preProject
		Directory.Build.props = Directory.Build.props
		.github\workflows\ci.yml = .github\workflows\ci.yml
		Atamai.Slice.Sample\Generated\Atamai.Slice.Generator\Atamai.Slice.Generator.AddModuleInitializer\GeneratedAtamaiSliceRegistrations.g.cs = Atamai.Slice.Sample\Generated\Atamai.Slice.Generator\Atamai.Slice.Generator.AddModuleInitializer\GeneratedAtamaiSliceRegistrations.g.cs
		README.md = README.md
		Atamai.Slice.Generator\AnalyzerReleases.Shipped.md = Atamai.Slice.Generator\AnalyzerReleases.Shipped.md
		Atamai.Slice.Generator\AnalyzerReleases.Unshipped.md = Atamai.Slice.Generator\AnalyzerReleases.Unshipped.md
	EndProjectSection
EndProject
Global
	GlobalSection(SolutionConfigurationPlatforms) = preSolution
		Debug|Any CPU = Debug|Any CPU
		Release|Any CPU = Release|Any CPU
	EndGlobalSection
	GlobalSection(ProjectConfigurationPlatforms) = postSolution
		{D2DADADA-8F54-44FF-9EFF-61B3CD8F29B0}.Debug|Any CPU.ActiveCfg = Debug|Any CPU
		{D2DADADA-8F54-44FF-9EFF-61B3CD8F29B0}.Debug|Any CPU.Build.0 = Debug|Any CPU
		{D2DADADA-8F54-44FF-9EFF-61B3CD8F29B0}.Release|Any CPU.ActiveCfg = Release|Any CPU
		{D2DADADA-8F54-44FF-9EFF-61B3CD8F29B0}.Release|Any CPU.Build.0 = Release|Any CPU
		{DD11717D-9B5C-4254-9CF4-3E7E33552643}.Debug|Any CPU.ActiveCfg = Debug|Any CPU
		{DD11717D-9B5C-4254-9CF4-3E7E33552643}.Debug|Any CPU.Build.0 = Debug|Any CPU
		{DD11717D-9B5C-4254-9CF4-3E7E33552643}.Release|Any CPU.ActiveCfg = Release|Any CPU
		{DD11717D-9B5C-4254-9CF4-3E7E33552643}.Release|Any CPU.Build.0 = Release|Any CPU
		{0CB6CAC8-D8D5-41BF-94A6-849B8ADA3456}.Debug|Any CPU.ActiveCfg = Debug|Any CPU
		{0CB6CAC8-D8D5-41BF-94A6-849B8ADA3456}.Debug|Any CPU.Build.0 = Debug|Any CPU
		{0CB6CAC8-D8D5-41BF-94A6-849B8ADA3456}.Release|Any CPU.ActiveCfg = Release|Any CPU
		{0CB6CAC8-D8D5-41BF-94A6-849B8ADA3456}.Release|Any CPU.Build.0 = Release|Any CPU
	EndGlobalSection
EndGlobal
